
Microsoft Visual Studio Solution File, Format Version 12.00
# Visual Studio Version 17
VisualStudioVersion = 17.7.34031.279
MinimumVisualStudioVersion = 10.0.40219.1
Project("{FAE04EC0-301F-11D3-BF4B-00C04F79EFBC}") = "BattleshipLiteLibrary", "BattleshipLiteLibrary\BattleshipLiteLibrary.csproj", "{50AE5116-1BCE-47DA-B704-85733B6E68D2}"
EndProject
Project("{FAE04EC0-301F-11D3-BF4B-00C04F79EFBC}") = "BattleshipLite", "BattleshipLite\BattleshipLite.csproj", "{F11663B6-73FF-4FDD-B5E6-995F2E29DD6F}"
EndProject
Global
	GlobalSection(SolutionConfigurationPlatforms) = preSolution
		Debug|Any CPU = Debug|Any CPU
		Release|Any CPU = Release|Any CPU
	EndGlobalSection
	GlobalSection(ProjectConfigurationPlatforms) = postSolution
		{50AE5116-1BCE-47DA-B704-85733B6E68D2}.Debug|Any CPU.ActiveCfg = Debug|Any CPU
		{50AE5116-1BCE-47DA-B704-85733B6E68D2}.Debug|Any CPU.Build.0 = Debug|Any CPU
		{50AE5116-1BCE-47DA-B704-85733B6E68D2}.Release|Any CPU.ActiveCfg = Release|Any CPU
		{50AE5116-1BCE-47DA-B704-85733B6E68D2}.Release|Any CPU.Build.0 = Release|Any CPU
		{F11663B6-73FF-4FDD-B5E6-995F2E29DD6F}.Debug|Any CPU.ActiveCfg = Debug|Any CPU
		{F11663B6-73FF-4FDD-B5E6-995F2E29DD6F}.Debug|Any CPU.Build.0 = Debug|Any CPU
		{F11663B6-73FF-4FDD-B5E6-995F2E29DD6F}.Release|Any CPU.ActiveCfg = Release|Any CPU
		{F11663B6-73FF-4FDD-B5E6-995F2E29DD6F}.Release|Any CPU.Build.0 = Release|Any CPU
	EndGlobalSection
	GlobalSection(SolutionProperties) = preSolution
		HideSolutionNode = FALSE
	EndGlobalSection
	GlobalSection(ExtensibilityGlobals) = postSolution
		SolutionGuid = {B0E33EE8-9D61-45EA-92B5-F3051B2AD9AB}
	EndGlobalSection
EndGlobal
